
Microsoft Visual Studio Solution File, Format Version 12.00
# Visual Studio Version 17
VisualStudioVersion = 17.9.34616.47
MinimumVisualStudioVersion = 10.0.40219.1
Project("{2150E333-8FDC-42A3-9474-1A3956D46DE8}") = "Src", "Src", "{7074DCF9-85F3-4144-9B24-90356FBE3B60}"
EndProject
Project("{2150E333-8FDC-42A3-9474-1A3956D46DE8}") = "Services", "Services", "{F1AD3A39-C23A-4DE3-B670-B4CAE1230F8D}"
EndProject
Project("{2150E333-8FDC-42A3-9474-1A3956D46DE8}") = "AuthService", "AuthService", "{DEF12662-A290-482A-A2D3-3B3C9DCAB5F3}"
EndProject
Project("{FAE04EC0-301F-11D3-BF4B-00C04F79EFBC}") = "Auth.Api", "Src\Services\AuthService\Auth.Api\Auth.Api.csproj", "{55B323B8-D847-43EE-AE6F-76903C15FB27}"
EndProject
Project("{FAE04EC0-301F-11D3-BF4B-00C04F79EFBC}") = "Auth.Domain", "Src\Services\AuthService\Auth.Domain\Auth.Domain.csproj", "{0ADC6B13-1BC6-43EA-B8F9-F9550FC87E4C}"
EndProject
Project("{FAE04EC0-301F-11D3-BF4B-00C04F79EFBC}") = "Auth.Application", "Src\Services\AuthService\Auth.Application\Auth.Application.csproj", "{EFAF7D8A-2419-4BA4-A4DC-E3AA73983964}"
EndProject
Project("{FAE04EC0-301F-11D3-BF4B-00C04F79EFBC}") = "Auth.Infrastructure", "Src\Services\AuthService\Auth.Infrastructure\Auth.Infrastructure.csproj", "{0A56EE71-6D25-45A4-8D6C-6EECC90025F9}"
EndProject
Project("{FAE04EC0-301F-11D3-BF4B-00C04F79EFBC}") = "Auth.Ioc", "Src\Services\AuthService\Auth.Ioc\Auth.Ioc.csproj", "{DD49EEB4-06CC-4924-9BCF-1495A49E875D}"
EndProject
Project("{FAE04EC0-301F-11D3-BF4B-00C04F79EFBC}") = "Auth.Tests", "Src\Services\AuthService\Auth.Tests\Auth.Tests.csproj", "{E50510FF-4842-4DE6-B4C0-A818AA4CCEFD}"
EndProject
Project("{2150E333-8FDC-42A3-9474-1A3956D46DE8}") = "Common", "Common", "{146B155B-242B-47AA-A5A8-FDE9B2C11D44}"
EndProject
Project("{2150E333-8FDC-42A3-9474-1A3956D46DE8}") = "CategoryService", "CategoryService", "{7F717842-4BD7-4011-ADFF-04A7A241F9EB}"
EndProject
Project("{2150E333-8FDC-42A3-9474-1A3956D46DE8}") = "SearchService", "SearchService", "{C0C96828-63D7-4F96-A7EE-24E51244835F}"
EndProject
Project("{2150E333-8FDC-42A3-9474-1A3956D46DE8}") = "OrderService", "OrderService", "{747B9707-D8E6-458E-AA11-35B8629EC639}"
EndProject
Project("{2150E333-8FDC-42A3-9474-1A3956D46DE8}") = "BasketService", "BasketService", "{81099222-C801-4D11-BF50-3081F9703626}"
EndProject
Project("{2150E333-8FDC-42A3-9474-1A3956D46DE8}") = "ReportService", "ReportService", "{4A8F7E3F-A157-48FB-900E-331AFFDB5775}"
EndProject
Global
	GlobalSection(SolutionConfigurationPlatforms) = preSolution
		Debug|Any CPU = Debug|Any CPU
		Release|Any CPU = Release|Any CPU
	EndGlobalSection
	GlobalSection(ProjectConfigurationPlatforms) = postSolution
		{55B323B8-D847-43EE-AE6F-76903C15FB27}.Debug|Any CPU.ActiveCfg = Debug|Any CPU
		{55B323B8-D847-43EE-AE6F-76903C15FB27}.Debug|Any CPU.Build.0 = Debug|Any CPU
		{55B323B8-D847-43EE-AE6F-76903C15FB27}.Release|Any CPU.ActiveCfg = Release|Any CPU
		{55B323B8-D847-43EE-AE6F-76903C15FB27}.Release|Any CPU.Build.0 = Release|Any CPU
		{0ADC6B13-1BC6-43EA-B8F9-F9550FC87E4C}.Debug|Any CPU.ActiveCfg = Debug|Any CPU
		{0ADC6B13-1BC6-43EA-B8F9-F9550FC87E4C}.Debug|Any CPU.Build.0 = Debug|Any CPU
		{0ADC6B13-1BC6-43EA-B8F9-F9550FC87E4C}.Release|Any CPU.ActiveCfg = Release|Any CPU
		{0ADC6B13-1BC6-43EA-B8F9-F9550FC87E4C}.Release|Any CPU.Build.0 = Release|Any CPU
		{EFAF7D8A-2419-4BA4-A4DC-E3AA73983964}.Debug|Any CPU.ActiveCfg = Debug|Any CPU
		{EFAF7D8A-2419-4BA4-A4DC-E3AA73983964}.Debug|Any CPU.Build.0 = Debug|Any CPU
		{EFAF7D8A-2419-4BA4-A4DC-E3AA73983964}.Release|Any CPU.ActiveCfg = Release|Any CPU
		{EFAF7D8A-2419-4BA4-A4DC-E3AA73983964}.Release|Any CPU.Build.0 = Release|Any CPU
		{0A56EE71-6D25-45A4-8D6C-6EECC90025F9}.Debug|Any CPU.ActiveCfg = Debug|Any CPU
		{0A56EE71-6D25-45A4-8D6C-6EECC90025F9}.Debug|Any CPU.Build.0 = Debug|Any CPU
		{0A56EE71-6D25-45A4-8D6C-6EECC90025F9}.Release|Any CPU.ActiveCfg = Release|Any CPU
		{0A56EE71-6D25-45A4-8D6C-6EECC90025F9}.Release|Any CPU.Build.0 = Release|Any CPU
		{DD49EEB4-06CC-4924-9BCF-1495A49E875D}.Debug|Any CPU.ActiveCfg = Debug|Any CPU
		{DD49EEB4-06CC-4924-9BCF-1495A49E875D}.Debug|Any CPU.Build.0 = Debug|Any CPU
		{DD49EEB4-06CC-4924-9BCF-1495A49E875D}.Release|Any CPU.ActiveCfg = Release|Any CPU
		{DD49EEB4-06CC-4924-9BCF-1495A49E875D}.Release|Any CPU.Build.0 = Release|Any CPU
		{E50510FF-4842-4DE6-B4C0-A818AA4CCEFD}.Debug|Any CPU.ActiveCfg = Debug|Any CPU
		{E50510FF-4842-4DE6-B4C0-A818AA4CCEFD}.Debug|Any CPU.Build.0 = Debug|Any CPU
		{E50510FF-4842-4DE6-B4C0-A818AA4CCEFD}.Release|Any CPU.ActiveCfg = Release|Any CPU
		{E50510FF-4842-4DE6-B4C0-A818AA4CCEFD}.Release|Any CPU.Build.0 = Release|Any CPU
	EndGlobalSection
	GlobalSection(SolutionProperties) = preSolution
		HideSolutionNode = FALSE
	EndGlobalSection
	GlobalSection(NestedProjects) = preSolution
		{F1AD3A39-C23A-4DE3-B670-B4CAE1230F8D} = {7074DCF9-85F3-4144-9B24-90356FBE3B60}
		{DEF12662-A290-482A-A2D3-3B3C9DCAB5F3} = {F1AD3A39-C23A-4DE3-B670-B4CAE1230F8D}
		{55B323B8-D847-43EE-AE6F-76903C15FB27} = {DEF12662-A290-482A-A2D3-3B3C9DCAB5F3}
		{0ADC6B13-1BC6-43EA-B8F9-F9550FC87E4C} = {DEF12662-A290-482A-A2D3-3B3C9DCAB5F3}
		{EFAF7D8A-2419-4BA4-A4DC-E3AA73983964} = {DEF12662-A290-482A-A2D3-3B3C9DCAB5F3}
		{0A56EE71-6D25-45A4-8D6C-6EECC90025F9} = {DEF12662-A290-482A-A2D3-3B3C9DCAB5F3}
		{DD49EEB4-06CC-4924-9BCF-1495A49E875D} = {DEF12662-A290-482A-A2D3-3B3C9DCAB5F3}
		{E50510FF-4842-4DE6-B4C0-A818AA4CCEFD} = {DEF12662-A290-482A-A2D3-3B3C9DCAB5F3}
		{146B155B-242B-47AA-A5A8-FDE9B2C11D44} = {7074DCF9-85F3-4144-9B24-90356FBE3B60}
		{7F717842-4BD7-4011-ADFF-04A7A241F9EB} = {F1AD3A39-C23A-4DE3-B670-B4CAE1230F8D}
		{C0C96828-63D7-4F96-A7EE-24E51244835F} = {F1AD3A39-C23A-4DE3-B670-B4CAE1230F8D}
		{747B9707-D8E6-458E-AA11-35B8629EC639} = {F1AD3A39-C23A-4DE3-B670-B4CAE1230F8D}
		{81099222-C801-4D11-BF50-3081F9703626} = {F1AD3A39-C23A-4DE3-B670-B4CAE1230F8D}
		{4A8F7E3F-A157-48FB-900E-331AFFDB5775} = {F1AD3A39-C23A-4DE3-B670-B4CAE1230F8D}
	EndGlobalSection
	GlobalSection(ExtensibilityGlobals) = postSolution
		SolutionGuid = {881C5F8B-0DF9-43A0-990D-FA75C30FD5A3}
	EndGlobalSection
EndGlobal
